
Microsoft Visual Studio Solution File, Format Version 12.00
# Visual Studio Version 16
VisualStudioVersion = 16.0.31205.134
MinimumVisualStudioVersion = 10.0.40219.1
Project("{FAE04EC0-301F-11D3-BF4B-00C04F79EFBC}") = "lab5", "lab5.csproj", "{64935C6B-7FE3-4FCE-8459-DE3C5E74A0F8}"
EndProject
Global
	GlobalSection(SolutionConfigurationPlatforms) = preSolution
		Debug|Any CPU = Debug|Any CPU
		Release|Any CPU = Release|Any CPU
	EndGlobalSection
	GlobalSection(ProjectConfigurationPlatforms) = postSolution
		{64935C6B-7FE3-4FCE-8459-DE3C5E74A0F8}.Debug|Any CPU.ActiveCfg = Debug|Any CPU
		{64935C6B-7FE3-4FCE-8459-DE3C5E74A0F8}.Debug|Any CPU.Build.0 = Debug|Any CPU
		{64935C6B-7FE3-4FCE-8459-DE3C5E74A0F8}.Release|Any CPU.ActiveCfg = Release|Any CPU
		{64935C6B-7FE3-4FCE-8459-DE3C5E74A0F8}.Release|Any CPU.Build.0 = Release|Any CPU
	EndGlobalSection
	GlobalSection(SolutionProperties) = preSolution
		HideSolutionNode = FALSE
	EndGlobalSection
	GlobalSection(ExtensibilityGlobals) = postSolution
		SolutionGuid = {7E9E9B41-28CB-419C-9643-3218425BA8D5}
	EndGlobalSection
EndGlobal
