
Microsoft Visual Studio Solution File, Format Version 12.00
# Visual Studio Version 16
VisualStudioVersion = 16.0.31005.135
MinimumVisualStudioVersion = 10.0.40219.1
Project("{FAE04EC0-301F-11D3-BF4B-00C04F79EFBC}") = "labbb1", "labbb1.csproj", "{F2898D22-5415-4C7C-B983-E0965CCFBA7C}"
EndProject
Global
	GlobalSection(SolutionConfigurationPlatforms) = preSolution
		Debug|Any CPU = Debug|Any CPU
		Release|Any CPU = Release|Any CPU
	EndGlobalSection
	GlobalSection(ProjectConfigurationPlatforms) = postSolution
		{F2898D22-5415-4C7C-B983-E0965CCFBA7C}.Debug|Any CPU.ActiveCfg = Debug|Any CPU
		{F2898D22-5415-4C7C-B983-E0965CCFBA7C}.Debug|Any CPU.Build.0 = Debug|Any CPU
		{F2898D22-5415-4C7C-B983-E0965CCFBA7C}.Release|Any CPU.ActiveCfg = Release|Any CPU
		{F2898D22-5415-4C7C-B983-E0965CCFBA7C}.Release|Any CPU.Build.0 = Release|Any CPU
	EndGlobalSection
	GlobalSection(SolutionProperties) = preSolution
		HideSolutionNode = FALSE
	EndGlobalSection
	GlobalSection(ExtensibilityGlobals) = postSolution
		SolutionGuid = {B7E7608C-7ADB-46A5-91A5-BA7A6ACD7168}
	EndGlobalSection
EndGlobal
